
Microsoft Visual Studio Solution File, Format Version 12.00
# Visual Studio Version 17
VisualStudioVersion = 17.3.32922.545
MinimumVisualStudioVersion = 10.0.40219.1
Project("{FAE04EC0-301F-11D3-BF4B-00C04F79EFBC}") = "SeleniumPOM", "SeleniumPOM\SeleniumPOM.csproj", "{8F82E278-306F-459E-B0C8-0527F15B3185}"
EndProject
Global
	GlobalSection(SolutionConfigurationPlatforms) = preSolution
		Debug|Any CPU = Debug|Any CPU
		Release|Any CPU = Release|Any CPU
	EndGlobalSection
	GlobalSection(ProjectConfigurationPlatforms) = postSolution
		{8F82E278-306F-459E-B0C8-0527F15B3185}.Debug|Any CPU.ActiveCfg = Debug|Any CPU
		{8F82E278-306F-459E-B0C8-0527F15B3185}.Debug|Any CPU.Build.0 = Debug|Any CPU
		{8F82E278-306F-459E-B0C8-0527F15B3185}.Release|Any CPU.ActiveCfg = Release|Any CPU
		{8F82E278-306F-459E-B0C8-0527F15B3185}.Release|Any CPU.Build.0 = Release|Any CPU
	EndGlobalSection
	GlobalSection(SolutionProperties) = preSolution
		HideSolutionNode = FALSE
	EndGlobalSection
	GlobalSection(ExtensibilityGlobals) = postSolution
		SolutionGuid = {1B8E637E-DA4C-4378-B499-D60039CDD274}
	EndGlobalSection
EndGlobal
